
Microsoft Visual Studio Solution File, Format Version 12.00
# Visual Studio Version 17
VisualStudioVersion = 17.4.33213.308
MinimumVisualStudioVersion = 10.0.40219.1
Project("{FAE04EC0-301F-11D3-BF4B-00C04F79EFBC}") = "The Defence Console", "The Defence Console.csproj", "{9A04F429-5B3C-4F05-A6AC-22B6EF4E3AB0}"
EndProject
Global
	GlobalSection(SolutionConfigurationPlatforms) = preSolution
		Debug|Any CPU = Debug|Any CPU
		Release|Any CPU = Release|Any CPU
	EndGlobalSection
	GlobalSection(ProjectConfigurationPlatforms) = postSolution
		{9A04F429-5B3C-4F05-A6AC-22B6EF4E3AB0}.Debug|Any CPU.ActiveCfg = Debug|Any CPU
		{9A04F429-5B3C-4F05-A6AC-22B6EF4E3AB0}.Debug|Any CPU.Build.0 = Debug|Any CPU
		{9A04F429-5B3C-4F05-A6AC-22B6EF4E3AB0}.Release|Any CPU.ActiveCfg = Release|Any CPU
		{9A04F429-5B3C-4F05-A6AC-22B6EF4E3AB0}.Release|Any CPU.Build.0 = Release|Any CPU
	EndGlobalSection
	GlobalSection(SolutionProperties) = preSolution
		HideSolutionNode = FALSE
	EndGlobalSection
	GlobalSection(ExtensibilityGlobals) = postSolution
		SolutionGuid = {21BAFAAF-DEDB-48F4-B007-A56585311DB3}
	EndGlobalSection
EndGlobal
